<Solution>
  <Project Path="MerryYellow.CodeAssist.Editor.csproj" />
  <Project Path="Assembly-CSharp.csproj" />
  <Project Path="Assembly-CSharp-Editor.csproj" />
  <Project Path="CrashKonijn.Goap.Runtime.csproj" />
  <Project Path="CrashKonijn.Goap.Core.csproj" />
  <Project Path="CrashKonijn.Goap.Editor.csproj" />
  <Project Path="CrashKonijn.Agent.Runtime.csproj" />
  <Project Path="skner.DualGrid.Editor.csproj" />
  <Project Path="skner.DualGrid.csproj" />
  <Project Path="CrashKonijn.Goap.Resolver.csproj" />
  <Project Path="CrashKonijn.Agent.Core.csproj" />
  <Project Path="Assembly-CSharp-firstpass.csproj" />
  <Project Path="BattleText.csproj" />
  <Project Path="AnimatedBattleText.Example.Damage.csproj" />
</Solution>
